// !$*UTF8*$!
{
	archiveVersion = 1;
	classes = {
	};
	objectVersion = 46;
	objects = {

/* Begin PBXBuildFile section */
		9F60A03C1EAE01C0007A7C0C /* AppDelegate.swift in Sources */ = {isa = PBXBuildFile; fileRef = 9F60A03B1EAE01C0007A7C0C /* AppDelegate.swift */; };
		9F60A03E1EAE01C0007A7C0C /* GameScene.sks in Resources */ = {isa = PBXBuildFile; fileRef = 9F60A03D1EAE01C0007A7C0C /* GameScene.sks */; };
		9F60A0401EAE01C0007A7C0C /* Actions.sks in Resources */ = {isa = PBXBuildFile; fileRef = 9F60A03F1EAE01C0007A7C0C /* Actions.sks */; };
		9F60A0421EAE01C0007A7C0C /* GameScene.swift in Sources */ = {isa = PBXBuildFile; fileRef = 9F60A0411EAE01C0007A7C0C /* GameScene.swift */; };
		9F60A0441EAE01C0007A7C0C /* GameViewController.swift in Sources */ = {isa = PBXBuildFile; fileRef = 9F60A0431EAE01C0007A7C0C /* GameViewController.swift */; };
		9F60A0471EAE01C0007A7C0C /* Main.storyboard in Resources */ = {isa = PBXBuildFile; fileRef = 9F60A0451EAE01C0007A7C0C /* Main.storyboard */; };
		9F60A0491EAE01C0007A7C0C /* Assets.xcassets in Resources */ = {isa = PBXBuildFile; fileRef = 9F60A0481EAE01C0007A7C0C /* Assets.xcassets */; };
		9F60A04C1EAE01C0007A7C0C /* LaunchScreen.storyboard in Resources */ = {isa = PBXBuildFile; fileRef = 9F60A04A1EAE01C0007A7C0C /* LaunchScreen.storyboard */; };
		9F60A0571EAE01C0007A7C0C /* Invader_StumpTests.swift in Sources */ = {isa = PBXBuildFile; fileRef = 9F60A0561EAE01C0007A7C0C /* Invader_StumpTests.swift */; };
		9F60A0621EAE01C0007A7C0C /* Invader_StumpUITests.swift in Sources */ = {isa = PBXBuildFile; fileRef = 9F60A0611EAE01C0007A7C0C /* Invader_StumpUITests.swift */; };
/* End PBXBuildFile section */

/* Begin PBXContainerItemProxy section */
		9F60A0531EAE01C0007A7C0C /* PBXContainerItemProxy */ = {
			isa = PBXContainerItemProxy;
			containerPortal = 9F60A0301EAE01C0007A7C0C /* Project object */;
			proxyType = 1;
			remoteGlobalIDString = 9F60A0371EAE01C0007A7C0C;
			remoteInfo = "Invader Stump";
		};
		9F60A05E1EAE01C0007A7C0C /* PBXContainerItemProxy */ = {
			isa = PBXContainerItemProxy;
			containerPortal = 9F60A0301EAE01C0007A7C0C /* Project object */;
			proxyType = 1;
			remoteGlobalIDString = 9F60A0371EAE01C0007A7C0C;
			remoteInfo = "Invader Stump";
		};
/* End PBXContainerItemProxy section */

/* Begin PBXFileReference section */
		9F60A0381EAE01C0007A7C0C /* Invader Stump.app */ = {isa = PBXFileReference; explicitFileType = wrapper.application; includeInIndex = 0; path = "Invader Stump.app"; sourceTree = BUILT_PRODUCTS_DIR; };
		9F60A03B1EAE01C0007A7C0C /* AppDelegate.swift */ = {isa = PBXFileReference; lastKnownFileType = sourcecode.swift; path = AppDelegate.swift; sourceTree = "<group>"; };
		9F60A03D1EAE01C0007A7C0C /* GameScene.sks */ = {isa = PBXFileReference; lastKnownFileType = file.sks; path = GameScene.sks; sourceTree = "<group>"; };
		9F60A03F1EAE01C0007A7C0C /* Actions.sks */ = {isa = PBXFileReference; lastKnownFileType = file.sks; path = Actions.sks; sourceTree = "<group>"; };
		9F60A0411EAE01C0007A7C0C /* GameScene.swift */ = {isa = PBXFileReference; lastKnownFileType = sourcecode.swift; path = GameScene.swift; sourceTree = "<group>"; };
		9F60A0431EAE01C0007A7C0C /* GameViewController.swift */ = {isa = PBXFileReference; lastKnownFileType = sourcecode.swift; path = GameViewController.swift; sourceTree = "<group>"; };
		9F60A0461EAE01C0007A7C0C /* Base */ = {isa = PBXFileReference; lastKnownFileType = file.storyboard; name = Base; path = Base.lproj/Main.storyboard; sourceTree = "<group>"; };
		9F60A0481EAE01C0007A7C0C /* Assets.xcassets */ = {isa = PBXFileReference; lastKnownFileType = folder.assetcatalog; path = Assets.xcassets; sourceTree = "<group>"; };
		9F60A04B1EAE01C0007A7C0C /* Base */ = {isa = PBXFileReference; lastKnownFileType = file.storyboard; name = Base; path = Base.lproj/LaunchScreen.storyboard; sourceTree = "<group>"; };
		9F60A04D1EAE01C0007A7C0C /* Info.plist */ = {isa = PBXFileReference; lastKnownFileType = text.plist.xml; path = Info.plist; sourceTree = "<group>"; };
		9F60A0521EAE01C0007A7C0C /* Invader StumpTests.xctest */ = {isa = PBXFileReference; explicitFileType = wrapper.cfbundle; includeInIndex = 0; path = "Invader StumpTests.xctest"; sourceTree = BUILT_PRODUCTS_DIR; };
		9F60A0561EAE01C0007A7C0C /* Invader_StumpTests.swift */ = {isa = PBXFileReference; lastKnownFileType = sourcecode.swift; path = Invader_StumpTests.swift; sourceTree = "<group>"; };
		9F60A0581EAE01C0007A7C0C /* Info.plist */ = {isa = PBXFileReference; lastKnownFileType = text.plist.xml; path = Info.plist; sourceTree = "<group>"; };
		9F60A05D1EAE01C0007A7C0C /* Invader StumpUITests.xctest */ = {isa = PBXFileReference; explicitFileType = wrapper.cfbundle; includeInIndex = 0; path = "Invader StumpUITests.xctest"; sourceTree = BUILT_PRODUCTS_DIR; };
		9F60A0611EAE01C0007A7C0C /* Invader_StumpUITests.swift */ = {isa = PBXFileReference; lastKnownFileType = sourcecode.swift; path = Invader_StumpUITests.swift; sourceTree = "<group>"; };
		9F60A0631EAE01C0007A7C0C /* Info.plist */ = {isa = PBXFileReference; lastKnownFileType = text.plist.xml; path = Info.plist; sourceTree = "<group>"; };
/* End PBXFileReference section */

/* Begin PBXFrameworksBuildPhase section */
		9F60A0351EAE01C0007A7C0C /* Frameworks */ = {
			isa = PBXFrameworksBuildPhase;
			buildActionMask = 2147483647;
			files = (
			);
			runOnlyForDeploymentPostprocessing = 0;
		};
		9F60A04F1EAE01C0007A7C0C /* Frameworks */ = {
			isa = PBXFrameworksBuildPhase;
			buildActionMask = 2147483647;
			files = (
			);
			runOnlyForDeploymentPostprocessing = 0;
		};
		9F60A05A1EAE01C0007A7C0C /* Frameworks */ = {
			isa = PBXFrameworksBuildPhase;
			buildActionMask = 2147483647;
			files = (
			);
			runOnlyForDeploymentPostprocessing = 0;
		};
/* End PBXFrameworksBuildPhase section */

/* Begin PBXGroup section */
		9F60A02F1EAE01C0007A7C0C = {
			isa = PBXGroup;
			children = (
				9F60A03A1EAE01C0007A7C0C /* Invader Stump */,
				9F60A0551EAE01C0007A7C0C /* Invader StumpTests */,
				9F60A0601EAE01C0007A7C0C /* Invader StumpUITests */,
				9F60A0391EAE01C0007A7C0C /* Products */,
			);
			sourceTree = "<group>";
		};
		9F60A0391EAE01C0007A7C0C /* Products */ = {
			isa = PBXGroup;
			children = (
				9F60A0381EAE01C0007A7C0C /* Invader Stump.app */,
				9F60A0521EAE01C0007A7C0C /* Invader StumpTests.xctest */,
				9F60A05D1EAE01C0007A7C0C /* Invader StumpUITests.xctest */,
			);
			name = Products;
			sourceTree = "<group>";
		};
		9F60A03A1EAE01C0007A7C0C /* Invader Stump */ = {
			isa = PBXGroup;
			children = (
				9F60A03B1EAE01C0007A7C0C /* AppDelegate.swift */,
				9F60A03D1EAE01C0007A7C0C /* GameScene.sks */,
				9F60A03F1EAE01C0007A7C0C /* Actions.sks */,
				9F60A0411EAE01C0007A7C0C /* GameScene.swift */,
				9F60A0431EAE01C0007A7C0C /* GameViewController.swift */,
				9F60A0451EAE01C0007A7C0C /* Main.storyboard */,
				9F60A0481EAE01C0007A7C0C /* Assets.xcassets */,
				9F60A04A1EAE01C0007A7C0C /* LaunchScreen.storyboard */,
				9F60A04D1EAE01C0007A7C0C /* Info.plist */,
			);
			path = "Invader Stump";
			sourceTree = "<group>";
		};
		9F60A0551EAE01C0007A7C0C /* Invader StumpTests */ = {
			isa = PBXGroup;
			children = (
				9F60A0561EAE01C0007A7C0C /* Invader_StumpTests.swift */,
				9F60A0581EAE01C0007A7C0C /* Info.plist */,
			);
			path = "Invader StumpTests";
			sourceTree = "<group>";
		};
		9F60A0601EAE01C0007A7C0C /* Invader StumpUITests */ = {
			isa = PBXGroup;
			children = (
				9F60A0611EAE01C0007A7C0C /* Invader_StumpUITests.swift */,
				9F60A0631EAE01C0007A7C0C /* Info.plist */,
			);
			path = "Invader StumpUITests";
			sourceTree = "<group>";
		};
/* End PBXGroup section */

/* Begin PBXNativeTarget section */
		9F60A0371EAE01C0007A7C0C /* Invader Stump */ = {
			isa = PBXNativeTarget;
			buildConfigurationList = 9F60A0661EAE01C0007A7C0C /* Build configuration list for PBXNativeTarget "Invader Stump" */;
			buildPhases = (
				9F60A0341EAE01C0007A7C0C /* Sources */,
				9F60A0351EAE01C0007A7C0C /* Frameworks */,
				9F60A0361EAE01C0007A7C0C /* Resources */,
			);
			buildRules = (
			);
			dependencies = (
			);
			name = "Invader Stump";
			productName = "Invader Stump";
			productReference = 9F60A0381EAE01C0007A7C0C /* Invader Stump.app */;
			productType = "com.apple.product-type.application";
		};
		9F60A0511EAE01C0007A7C0C /* Invader StumpTests */ = {
			isa = PBXNativeTarget;
			buildConfigurationList = 9F60A0691EAE01C0007A7C0C /* Build configuration list for PBXNativeTarget "Invader StumpTests" */;
			buildPhases = (
				9F60A04E1EAE01C0007A7C0C /* Sources */,
				9F60A04F1EAE01C0007A7C0C /* Frameworks */,
				9F60A0501EAE01C0007A7C0C /* Resources */,
			);
			buildRules = (
			);
			dependencies = (
				9F60A0541EAE01C0007A7C0C /* PBXTargetDependency */,
			);
			name = "Invader StumpTests";
			productName = "Invader StumpTests";
			productReference = 9F60A0521EAE01C0007A7C0C /* Invader StumpTests.xctest */;
			productType = "com.apple.product-type.bundle.unit-test";
		};
		9F60A05C1EAE01C0007A7C0C /* Invader StumpUITests */ = {
			isa = PBXNativeTarget;
			buildConfigurationList = 9F60A06C1EAE01C0007A7C0C /* Build configuration list for PBXNativeTarget "Invader StumpUITests" */;
			buildPhases = (
				9F60A0591EAE01C0007A7C0C /* Sources */,
				9F60A05A1EAE01C0007A7C0C /* Frameworks */,
				9F60A05B1EAE01C0007A7C0C /* Resources */,
			);
			buildRules = (
			);
			dependencies = (
				9F60A05F1EAE01C0007A7C0C /* PBXTargetDependency */,
			);
			name = "Invader StumpUITests";
			productName = "Invader StumpUITests";
			productReference = 9F60A05D1EAE01C0007A7C0C /* Invader StumpUITests.xctest */;
			productType = "com.apple.product-type.bundle.ui-testing";
		};
/* End PBXNativeTarget section */

/* Begin PBXProject section */
		9F60A0301EAE01C0007A7C0C /* Project object */ = {
			isa = PBXProject;
			attributes = {
				LastSwiftUpdateCheck = 0830;
				LastUpgradeCheck = 0830;
				ORGANIZATIONNAME = "Appache Media";
				TargetAttributes = {
					9F60A0371EAE01C0007A7C0C = {
						CreatedOnToolsVersion = 8.3;
						DevelopmentTeam = GCBTSWYSYH;
						ProvisioningStyle = Automatic;
					};
					9F60A0511EAE01C0007A7C0C = {
						CreatedOnToolsVersion = 8.3;
						DevelopmentTeam = GCBTSWYSYH;
						ProvisioningStyle = Automatic;
						TestTargetID = 9F60A0371EAE01C0007A7C0C;
					};
					9F60A05C1EAE01C0007A7C0C = {
						CreatedOnToolsVersion = 8.3;
						DevelopmentTeam = GCBTSWYSYH;
						ProvisioningStyle = Automatic;
						TestTargetID = 9F60A0371EAE01C0007A7C0C;
					};
				};
			};
			buildConfigurationList = 9F60A0331EAE01C0007A7C0C /* Build configuration list for PBXProject "Invader Stump" */;
			compatibilityVersion = "Xcode 3.2";
			developmentRegion = English;
			hasScannedForEncodings = 0;
			knownRegions = (
				en,
				Base,
			);
			mainGroup = 9F60A02F1EAE01C0007A7C0C;
			productRefGroup = 9F60A0391EAE01C0007A7C0C /* Products */;
			projectDirPath = "";
			projectRoot = "";
			targets = (
				9F60A0371EAE01C0007A7C0C /* Invader Stump */,
				9F60A0511EAE01C0007A7C0C /* Invader StumpTests */,
				9F60A05C1EAE01C0007A7C0C /* Invader StumpUITests */,
			);
		};
/* End PBXProject section */

/* Begin PBXResourcesBuildPhase section */
		9F60A0361EAE01C0007A7C0C /* Resources */ = {
			isa = PBXResourcesBuildPhase;
			buildActionMask = 2147483647;
			files = (
				9F60A0471EAE01C0007A7C0C /* Main.storyboard in Resources */,
				9F60A03E1EAE01C0007A7C0C /* GameScene.sks in Resources */,
				9F60A0491EAE01C0007A7C0C /* Assets.xcassets in Resources */,
				9F60A04C1EAE01C0007A7C0C /* LaunchScreen.storyboard in Resources */,
				9F60A0401EAE01C0007A7C0C /* Actions.sks in Resources */,
			);
			runOnlyForDeploymentPostprocessing = 0;
		};
		9F60A0501EAE01C0007A7C0C /* Resources */ = {
			isa = PBXResourcesBuildPhase;
			buildActionMask = 2147483647;
			files = (
			);
			runOnlyForDeploymentPostprocessing = 0;
		};
		9F60A05B1EAE01C0007A7C0C /* Resources */ = {
			isa = PBXResourcesBuildPhase;
			buildActionMask = 2147483647;
			files = (
			);
			runOnlyForDeploymentPostprocessing = 0;
		};
/* End PBXResourcesBuildPhase section */

/* Begin PBXSourcesBuildPhase section */
		9F60A0341EAE01C0007A7C0C /* Sources */ = {
			isa = PBXSourcesBuildPhase;
			buildActionMask = 2147483647;
			files = (
				9F60A0421EAE01C0007A7C0C /* GameScene.swift in Sources */,
				9F60A0441EAE01C0007A7C0C /* GameViewController.swift in Sources */,
				9F60A03C1EAE01C0007A7C0C /* AppDelegate.swift in Sources */,
			);
			runOnlyForDeploymentPostprocessing = 0;
		};
		9F60A04E1EAE01C0007A7C0C /* Sources */ = {
			isa = PBXSourcesBuildPhase;
			buildActionMask = 2147483647;
			files = (
				9F60A0571EAE01C0007A7C0C /* Invader_StumpTests.swift in Sources */,
			);
			runOnlyForDeploymentPostprocessing = 0;
		};
		9F60A0591EAE01C0007A7C0C /* Sources */ = {
			isa = PBXSourcesBuildPhase;
			buildActionMask = 2147483647;
			files = (
				9F60A0621EAE01C0007A7C0C /* Invader_StumpUITests.swift in Sources */,
			);
			runOnlyForDeploymentPostprocessing = 0;
		};
/* End PBXSourcesBuildPhase section */

/* Begin PBXTargetDependency section */
		9F60A0541EAE01C0007A7C0C /* PBXTargetDependency */ = {
			isa = PBXTargetDependency;
			target = 9F60A0371EAE01C0007A7C0C /* Invader Stump */;
			targetProxy = 9F60A0531EAE01C0007A7C0C /* PBXContainerItemProxy */;
		};
		9F60A05F1EAE01C0007A7C0C /* PBXTargetDependency */ = {
			isa = PBXTargetDependency;
			target = 9F60A0371EAE01C0007A7C0C /* Invader Stump */;
			targetProxy = 9F60A05E1EAE01C0007A7C0C /* PBXContainerItemProxy */;
		};
/* End PBXTargetDependency section */

/* Begin PBXVariantGroup section */
		9F60A0451EAE01C0007A7C0C /* Main.storyboard */ = {
			isa = PBXVariantGroup;
			children = (
				9F60A0461EAE01C0007A7C0C /* Base */,
			);
			name = Main.storyboard;
			sourceTree = "<group>";
		};
		9F60A04A1EAE01C0007A7C0C /* LaunchScreen.storyboard */ = {
			isa = PBXVariantGroup;
			children = (
				9F60A04B1EAE01C0007A7C0C /* Base */,
			);
			name = LaunchScreen.storyboard;
			sourceTree = "<group>";
		};
/* End PBXVariantGroup section */

/* Begin XCBuildConfiguration section */
		9F60A0641EAE01C0007A7C0C /* Debug */ = {
			isa = XCBuildConfiguration;
			buildSettings = {
				ALWAYS_SEARCH_USER_PATHS = NO;
				CLANG_ANALYZER_NONNULL = YES;
				CLANG_ANALYZER_NUMBER_OBJECT_CONVERSION = YES_AGGRESSIVE;
				CLANG_CXX_LANGUAGE_STANDARD = "gnu++0x";
				CLANG_CXX_LIBRARY = "libc++";
				CLANG_ENABLE_MODULES = YES;
				CLANG_ENABLE_OBJC_ARC = YES;
				CLANG_WARN_BOOL_CONVERSION = YES;
				CLANG_WARN_CONSTANT_CONVERSION = YES;
				CLANG_WARN_DIRECT_OBJC_ISA_USAGE = YES_ERROR;
				CLANG_WARN_DOCUMENTATION_COMMENTS = YES;
				CLANG_WARN_EMPTY_BODY = YES;
				CLANG_WARN_ENUM_CONVERSION = YES;
				CLANG_WARN_INFINITE_RECURSION = YES;
				CLANG_WARN_INT_CONVERSION = YES;
				CLANG_WARN_OBJC_ROOT_CLASS = YES_ERROR;
				CLANG_WARN_SUSPICIOUS_MOVE = YES;
				CLANG_WARN_UNREACHABLE_CODE = YES;
				CLANG_WARN__DUPLICATE_METHOD_MATCH = YES;
				"CODE_SIGN_IDENTITY[sdk=iphoneos*]" = "iPhone Developer";
				COPY_PHASE_STRIP = NO;
				DEBUG_INFORMATION_FORMAT = dwarf;
				ENABLE_STRICT_OBJC_MSGSEND = YES;
				ENABLE_TESTABILITY = YES;
				GCC_C_LANGUAGE_STANDARD = gnu99;
				GCC_DYNAMIC_NO_PIC = NO;
				GCC_NO_COMMON_BLOCKS = YES;
				GCC_OPTIMIZATION_LEVEL = 0;
				GCC_PREPROCESSOR_DEFINITIONS = (
					"DEBUG=1",
					"$(inherited)",
				);
				GCC_WARN_64_TO_32_BIT_CONVERSION = YES;
				GCC_WARN_ABOUT_RETURN_TYPE = YES_ERROR;
				GCC_WARN_UNDECLARED_SELECTOR = YES;
				GCC_WARN_UNINITIALIZED_AUTOS = YES_AGGRESSIVE;
				GCC_WARN_UNUSED_FUNCTION = YES;
				GCC_WARN_UNUSED_VARIABLE = YES;
				IPHONEOS_DEPLOYMENT_TARGET = 10.3;
				MTL_ENABLE_DEBUG_INFO = YES;
				ONLY_ACTIVE_ARCH = YES;
				SDKROOT = iphoneos;
				SWIFT_ACTIVE_COMPILATION_CONDITIONS = DEBUG;
				SWIFT_OPTIMIZATION_LEVEL = "-Onone";
				TARGETED_DEVICE_FAMILY = "1,2";
			};
			name = Debug;
		};
		9F60A0651EAE01C0007A7C0C /* Release */ = {
			isa = XCBuildConfiguration;
			buildSettings = {
				ALWAYS_SEARCH_USER_PATHS = NO;
				CLANG_ANALYZER_NONNULL = YES;
				CLANG_ANALYZER_NUMBER_OBJECT_CONVERSION = YES_AGGRESSIVE;
				CLANG_CXX_LANGUAGE_STANDARD = "gnu++0x";
				CLANG_CXX_LIBRARY = "libc++";
				CLANG_ENABLE_MODULES = YES;
				CLANG_ENABLE_OBJC_ARC = YES;
				CLANG_WARN_BOOL_CONVERSION = YES;
				CLANG_WARN_CONSTANT_CONVERSION = YES;
				CLANG_WARN_DIRECT_OBJC_ISA_USAGE = YES_ERROR;
				CLANG_WARN_DOCUMENTATION_COMMENTS = YES;
				CLANG_WARN_EMPTY_BODY = YES;
				CLANG_WARN_ENUM_CONVERSION = YES;
				CLANG_WARN_INFINITE_RECURSION = YES;
				CLANG_WARN_INT_CONVERSION = YES;
				CLANG_WARN_OBJC_ROOT_CLASS = YES_ERROR;
				CLANG_WARN_SUSPICIOUS_MOVE = YES;
				CLANG_WARN_UNREACHABLE_CODE = YES;
				CLANG_WARN__DUPLICATE_METHOD_MATCH = YES;
				"CODE_SIGN_IDENTITY[sdk=iphoneos*]" = "iPhone Developer";
				COPY_PHASE_STRIP = NO;
				DEBUG_INFORMATION_FORMAT = "dwarf-with-dsym";
				ENABLE_NS_ASSERTIONS = NO;
				ENABLE_STRICT_OBJC_MSGSEND = YES;
				GCC_C_LANGUAGE_STANDARD = gnu99;
				GCC_NO_COMMON_BLOCKS = YES;
				GCC_WARN_64_TO_32_BIT_CONVERSION = YES;
				GCC_WARN_ABOUT_RETURN_TYPE = YES_ERROR;
				GCC_WARN_UNDECLARED_SELECTOR = YES;
				GCC_WARN_UNINITIALIZED_AUTOS = YES_AGGRESSIVE;
				GCC_WARN_UNUSED_FUNCTION = YES;
				GCC_WARN_UNUSED_VARIABLE = YES;
				IPHONEOS_DEPLOYMENT_TARGET = 10.3;
				MTL_ENABLE_DEBUG_INFO = NO;
				SDKROOT = iphoneos;
				SWIFT_OPTIMIZATION_LEVEL = "-Owholemodule";
				TARGETED_DEVICE_FAMILY = "1,2";
				VALIDATE_PRODUCT = YES;
			};
			name = Release;
		};
		9F60A0671EAE01C0007A7C0C /* Debug */ = {
			isa = XCBuildConfiguration;
			buildSettings = {
				ASSETCATALOG_COMPILER_APPICON_NAME = AppIcon;
				DEVELOPMENT_TEAM = GCBTSWYSYH;
				INFOPLIST_FILE = "Invader Stump/Info.plist";
				IPHONEOS_DEPLOYMENT_TARGET = 10.3;
				LD_RUNPATH_SEARCH_PATHS = "$(inherited) @executable_path/Frameworks";
				PRODUCT_BUNDLE_IDENTIFIER = "Appachemedia.com.Invader-Stump";
				PRODUCT_NAME = "$(TARGET_NAME)";
				SWIFT_VERSION = 3.0;
			};
			name = Debug;
		};
		9F60A0681EAE01C0007A7C0C /* Release */ = {
			isa = XCBuildConfiguration;
			buildSettings = {
				ASSETCATALOG_COMPILER_APPICON_NAME = AppIcon;
				DEVELOPMENT_TEAM = GCBTSWYSYH;
				INFOPLIST_FILE = "Invader Stump/Info.plist";
				IPHONEOS_DEPLOYMENT_TARGET = 10.3;
				LD_RUNPATH_SEARCH_PATHS = "$(inherited) @executable_path/Frameworks";
				PRODUCT_BUNDLE_IDENTIFIER = "Appachemedia.com.Invader-Stump";
				PRODUCT_NAME = "$(TARGET_NAME)";
				SWIFT_VERSION = 3.0;
			};
			name = Release;
		};
		9F60A06A1EAE01C0007A7C0C /* Debug */ = {
			isa = XCBuildConfiguration;
			buildSettings = {
				ALWAYS_EMBED_SWIFT_STANDARD_LIBRARIES = YES;
				BUNDLE_LOADER = "$(TEST_HOST)";
				DEVELOPMENT_TEAM = GCBTSWYSYH;
				INFOPLIST_FILE = "Invader StumpTests/Info.plist";
				LD_RUNPATH_SEARCH_PATHS = "$(inherited) @executable_path/Frameworks @loader_path/Frameworks";
				PRODUCT_BUNDLE_IDENTIFIER = "Appachemedia.com.Invader-StumpTests";
				PRODUCT_NAME = "$(TARGET_NAME)";
				SWIFT_VERSION = 3.0;
				TEST_HOST = "$(BUILT_PRODUCTS_DIR)/Invader Stump.app/Invader Stump";
			};
			name = Debug;
		};
		9F60A06B1EAE01C0007A7C0C /* Release */ = {
			isa = XCBuildConfiguration;
			buildSettings = {
				ALWAYS_EMBED_SWIFT_STANDARD_LIBRARIES = YES;
				BUNDLE_LOADER = "$(TEST_HOST)";
				DEVELOPMENT_TEAM = GCBTSWYSYH;
				INFOPLIST_FILE = "Invader StumpTests/Info.plist";
				LD_RUNPATH_SEARCH_PATHS = "$(inherited) @executable_path/Frameworks @loader_path/Frameworks";
				PRODUCT_BUNDLE_IDENTIFIER = "Appachemedia.com.Invader-StumpTests";
				PRODUCT_NAME = "$(TARGET_NAME)";
				SWIFT_VERSION = 3.0;
				TEST_HOST = "$(BUILT_PRODUCTS_DIR)/Invader Stump.app/Invader Stump";
			};
			name = Release;
		};
		9F60A06D1EAE01C0007A7C0C /* Debug */ = {
			isa = XCBuildConfiguration;
			buildSettings = {
				ALWAYS_EMBED_SWIFT_STANDARD_LIBRARIES = YES;
				DEVELOPMENT_TEAM = GCBTSWYSYH;
				INFOPLIST_FILE = "Invader StumpUITests/Info.plist";
				LD_RUNPATH_SEARCH_PATHS = "$(inherited) @executable_path/Frameworks @loader_path/Frameworks";
				PRODUCT_BUNDLE_IDENTIFIER = "Appachemedia.com.Invader-StumpUITests";
				PRODUCT_NAME = "$(TARGET_NAME)";
				SWIFT_VERSION = 3.0;
				TEST_TARGET_NAME = "Invader Stump";
			};
			name = Debug;
		};
		9F60A06E1EAE01C0007A7C0C /* Release */ = {
			isa = XCBuildConfiguration;
			buildSettings = {
				ALWAYS_EMBED_SWIFT_STANDARD_LIBRARIES = YES;
				DEVELOPMENT_TEAM = GCBTSWYSYH;
				INFOPLIST_FILE = "Invader StumpUITests/Info.plist";
				LD_RUNPATH_SEARCH_PATHS = "$(inherited) @executable_path/Frameworks @loader_path/Frameworks";
				PRODUCT_BUNDLE_IDENTIFIER = "Appachemedia.com.Invader-StumpUITests";
				PRODUCT_NAME = "$(TARGET_NAME)";
				SWIFT_VERSION = 3.0;
				TEST_TARGET_NAME = "Invader Stump";
			};
			name = Release;
		};
/* End XCBuildConfiguration section */

/* Begin XCConfigurationList section */
		9F60A0331EAE01C0007A7C0C /* Build configuration list for PBXProject "Invader Stump" */ = {
			isa = XCConfigurationList;
			buildConfigurations = (
				9F60A0641EAE01C0007A7C0C /* Debug */,
				9F60A0651EAE01C0007A7C0C /* Release */,
			);
			defaultConfigurationIsVisible = 0;
			defaultConfigurationName = Release;
		};
		9F60A0661EAE01C0007A7C0C /* Build configuration list for PBXNativeTarget "Invader Stump" */ = {
			isa = XCConfigurationList;
			buildConfigurations = (
				9F60A0671EAE01C0007A7C0C /* Debug */,
				9F60A0681EAE01C0007A7C0C /* Release */,
			);
			defaultConfigurationIsVisible = 0;
		};
		9F60A0691EAE01C0007A7C0C /* Build configuration list for PBXNativeTarget "Invader StumpTests" */ = {
			isa = XCConfigurationList;
			buildConfigurations = (
				9F60A06A1EAE01C0007A7C0C /* Debug */,
				9F60A06B1EAE01C0007A7C0C /* Release */,
			);
			defaultConfigurationIsVisible = 0;
		};
		9F60A06C1EAE01C0007A7C0C /* Build configuration list for PBXNativeTarget "Invader StumpUITests" */ = {
			isa = XCConfigurationList;
			buildConfigurations = (
				9F60A06D1EAE01C0007A7C0C /* Debug */,
				9F60A06E1EAE01C0007A7C0C /* Release */,
			);
			defaultConfigurationIsVisible = 0;
		};
/* End XCConfigurationList section */
	};
	rootObject = 9F60A0301EAE01C0007A7C0C /* Project object */;
}
